{
  "name": "andrewsnyk",
  "version": "1.0.0",
  "lockfileVersion": 1,
  "requires": true,
  "dependencies": {
    "angular-expressions": {
      "version": "1.1.1",
      "resolved": "https://registry.npmjs.org/angular-expressions/-/angular-expressions-1.1.1.tgz",
      "integrity": "sha512-gH9UO5r0HTmQWOfet9dC6ekWZ0hnOzCy62OUcV79XuUh0wqaLzVHcv7STWfIA5hxn39TA4mYs1EKukCsgGIvwg=="
    }
  }
}
