{
  "name": "andrewsnyk",
  "version": "1.0.0",
  "lockfileVersion": 1,
  "requires": true,
  "dependencies": {
    "angular-expressions": {
      "version": "1.0.0",
      "resolved": "https://registry.npmjs.org/angular-expressions/-/angular-expressions-1.0.0.tgz",
      "integrity": "sha512-ihYJFCr1S7vfBJTS7dE+zGQ3oNAMIL+NJ5aWs52Cz7frmvpVVA1NTMXBP9BFSP/Wk/zIJBeYn2o5Fo8txCka3A=="
    }
  }
}
