{
  "name": "andrewsnyk",
  "version": "1.0.0",
  "lockfileVersion": 1,
  "requires": true,
  "dependencies": {
    "angular-expressions": {
      "version": "1.4.3",
      "resolved": "https://registry.npmjs.org/angular-expressions/-/angular-expressions-1.4.3.tgz",
      "integrity": "sha512-r7j+dqOuHy0OYiR5AazDixU/Us3TDN2FfuxGX4Dq6d61Y2MhBQHMdUNBfkkLPjDqVm2Is394h31gC3bcBwy9zw=="
    }
  }
}
